dependencies:
- name: opentelemetry-collector
  repository: https://open-telemetry.github.io/opentelemetry-helm-charts
  version: 0.146.1
- name: openobserve-standalone
  repository: https://charts.openobserve.ai
  version: 0.80.3
- name: openobserve
  repository: https://charts.openobserve.ai
  version: 0.80.3
digest: sha256:c2823db8ff4f0948e17ae7c7abe85149bf9d0acc20ea7aeb21f674662b3b9168
generated: "2026-06-16T09:40:04.707797285Z"
