dependencies:
- name: opentelemetry-collector
  repository: https://open-telemetry.github.io/opentelemetry-helm-charts
  version: 0.146.1
- name: openobserve-standalone
  repository: https://charts.openobserve.ai
  version: 0.80.3
- name: openobserve
  repository: https://charts.openobserve.ai
  version: 0.60.3
digest: sha256:735bc7cef1ac746e068dae34c738aec6a91b323654149e93137cf90d0054e4ef
generated: "2026-06-16T09:39:57.839457128Z"
